
Microsoft Visual Studio Solution File, Format Version 12.00
# Visual Studio Version 17
VisualStudioVersion = 17.11.35312.102
MinimumVisualStudioVersion = 10.0.40219.1
Project("{2150E333-8FDC-42A3-9474-1A3956D46DE8}") = "Task0", "Task0", "{AE86C5D2-1827-4899-BE5B-D2C532A48515}"
EndProject
Project("{9A19103F-16F7-4668-BE54-9A1E7A4F7556}") = "Tyuiu.TodikovDE.Sprint1.Task0.V24", "Tyuiu.TodikovDE.Sprint1.Task0.V24\Tyuiu.TodikovDE.Sprint1.Task0.V24.csproj", "{C9B1E468-8234-48BD-9AA1-24AE51B251A7}"
EndProject
Project("{9A19103F-16F7-4668-BE54-9A1E7A4F7556}") = "Tyuiu.TodikovDE.Sprint1.Task0.V24.Lib", "Tyuiu.TodikovDE.Sprint1.Task0.V24.Lib\Tyuiu.TodikovDE.Sprint1.Task0.V24.Lib.csproj", "{25CDBF88-535C-420A-BC30-DDCE4C083FE1}"
EndProject
Project("{9A19103F-16F7-4668-BE54-9A1E7A4F7556}") = "Tyuiu.TodikovDE.Sprint1.Task0.V24.Test", "Tyuiu.TodikovDE.Sprint1.Task0.V24.Test\Tyuiu.TodikovDE.Sprint1.Task0.V24.Test.csproj", "{D813EF41-D17C-4911-95B0-D3701214B430}"
EndProject
Project("{2150E333-8FDC-42A3-9474-1A3956D46DE8}") = "Task1", "Task1", "{435BEAAF-5F27-4976-8195-050537C15694}"
EndProject
Project("{9A19103F-16F7-4668-BE54-9A1E7A4F7556}") = "Tyuiu.TodikovDE.Sprint1.Task1.V6", "Tyuiu.TodikovDE.Sprint1.Task1.V6\Tyuiu.TodikovDE.Sprint1.Task1.V6.csproj", "{55DCB644-4818-41A8-8612-CA8881FC9676}"
EndProject
Project("{9A19103F-16F7-4668-BE54-9A1E7A4F7556}") = "Tyuiu.TodikovDE.Sprint1.Task1.V6.Test", "Tyuiu.TodikovDE.Sprint1.Task1.V6.Test\Tyuiu.TodikovDE.Sprint1.Task1.V6.Test.csproj", "{541C40BC-BE40-40BA-9D09-684D710AA89C}"
EndProject
Project("{9A19103F-16F7-4668-BE54-9A1E7A4F7556}") = "Tyuiu.TodikovDE.Sprint1.Task1.V6.Lib", "Tyuiu.TodikovDE.Sprint1.Task1.V6.Lib\Tyuiu.TodikovDE.Sprint1.Task1.V6.Lib.csproj", "{D3289862-29ED-494B-9D04-1311A4B29B33}"
EndProject
Project("{2150E333-8FDC-42A3-9474-1A3956D46DE8}") = "Task2", "Task2", "{FE06F34F-E226-4761-86E5-745B4B57AD75}"
EndProject
Project("{FAE04EC0-301F-11D3-BF4B-00C04F79EFBC}") = "Tyuiu.TodikovDE.Sprint1.Task2.V29.Lib", "Tyuiu.TodikovDE.Sprint1.Task2.V29.Lib\Tyuiu.TodikovDE.Sprint1.Task2.V29.Lib.csproj", "{A9B561AE-08C4-45C5-B300-24D204BE56C8}"
EndProject
Project("{FAE04EC0-301F-11D3-BF4B-00C04F79EFBC}") = "Tyuiu.TodikovDE.Sprint1.Task2.V29", "Tyuiu.TodikovDE.Sprint1.Task2.V29\Tyuiu.TodikovDE.Sprint1.Task2.V29.csproj", "{CFFD44D9-D04C-435C-A3E6-963E6A51D975}"
EndProject
Project("{FAE04EC0-301F-11D3-BF4B-00C04F79EFBC}") = "Tyuiu.TodikovDE.Sprint1.Task2.V29.Test", "Tyuiu.TodikovDE.Sprint1.Task2.V29.Test\Tyuiu.TodikovDE.Sprint1.Task2.V29.Test.csproj", "{2F4A0D62-AC28-4974-AF1A-AD2DB2631700}"
EndProject
Project("{2150E333-8FDC-42A3-9474-1A3956D46DE8}") = "Task3", "Task3", "{CB804ED4-8256-4338-A202-3F2FD0671E5F}"
EndProject
Project("{FAE04EC0-301F-11D3-BF4B-00C04F79EFBC}") = "Tyuiu.TodikovDE.Sprint1.Task3.V3.Test", "Tyuiu.TodikovDE.Sprint1.Task3.V3.Test\Tyuiu.TodikovDE.Sprint1.Task3.V3.Test.csproj", "{121DE8C4-86BD-4A6E-B53D-28EF68224A7E}"
EndProject
Project("{FAE04EC0-301F-11D3-BF4B-00C04F79EFBC}") = "Tyuiu.TodikovDE.Sprint1.Task3.V3", "Tyuiu.TodikovDE.Sprint1.Task3.V3\Tyuiu.TodikovDE.Sprint1.Task3.V3.csproj", "{F38B0CED-9273-4E00-8C8D-73FEB58796F4}"
EndProject
Project("{FAE04EC0-301F-11D3-BF4B-00C04F79EFBC}") = "Tyuiu.TodikovDE.Sprint1.Task3.V3.Lib", "Tyuiu.TodikovDE.Sprint1.Task3.V3.Lib\Tyuiu.TodikovDE.Sprint1.Task3.V3.Lib.csproj", "{EE8FC27B-A23B-4431-9A2E-D13FDF33AA84}"
EndProject
Project("{2150E333-8FDC-42A3-9474-1A3956D46DE8}") = "Task4", "Task4", "{9D224C80-4EAA-4AB6-886A-F6AAA475B598}"
EndProject
Project("{FAE04EC0-301F-11D3-BF4B-00C04F79EFBC}") = "Tyuiu.TodikovDE.Sprint1.Task4.V25", "Tyuiu.TodikovDE.Sprint1.Task4.V25\Tyuiu.TodikovDE.Sprint1.Task4.V25.csproj", "{B028E333-1DB8-43E8-87AE-A8A1FB097659}"
EndProject
Project("{FAE04EC0-301F-11D3-BF4B-00C04F79EFBC}") = "Tyuiu.TodikovDE.Sprint1.Task4.V25.Lib", "Tyuiu.TodikovDE.Sprint1.Task4.V25.Lib\Tyuiu.TodikovDE.Sprint1.Task4.V25.Lib.csproj", "{11E5B2DA-7F00-4A41-8D0E-E4526E0D3A6F}"
EndProject
Project("{FAE04EC0-301F-11D3-BF4B-00C04F79EFBC}") = "Tyuiu.TodikovDE.Sprint1.Task4.V25.Test", "Tyuiu.TodikovDE.Sprint1.Task4.V25.Test\Tyuiu.TodikovDE.Sprint1.Task4.V25.Test.csproj", "{C7DA7123-17B0-490A-AF7B-DF5AEDA0A79C}"
EndProject
Project("{2150E333-8FDC-42A3-9474-1A3956D46DE8}") = "Task5", "Task5", "{BB94EFE5-BA0E-49B3-BB02-F42EDCAB5644}"
EndProject
Project("{FAE04EC0-301F-11D3-BF4B-00C04F79EFBC}") = "Tyuiu.TodikovDE.Sprint1.Task5.V1", "Tyuiu.TodikovDE.Sprint1.Task5.V1\Tyuiu.TodikovDE.Sprint1.Task5.V1.csproj", "{C9C77DE7-598D-4B42-BAA6-3819EA83C61F}"
EndProject
Project("{FAE04EC0-301F-11D3-BF4B-00C04F79EFBC}") = "Tyuiu.TodikovDE.Sprint1.Task5.V1.Lib", "Tyuiu.TodikovDE.Sprint1.Task5.V1.Lib\Tyuiu.TodikovDE.Sprint1.Task5.V1.Lib.csproj", "{55BA5441-98A4-4B2A-AB9D-A2B8A1CCEA5C}"
EndProject
Project("{FAE04EC0-301F-11D3-BF4B-00C04F79EFBC}") = "Tyuiu.TodikovDE.Sprint1.Task5.V1.Test", "Tyuiu.TodikovDE.Sprint1.Task5.V1.Test\Tyuiu.TodikovDE.Sprint1.Task5.V1.Test.csproj", "{2122FCC3-FB51-4403-B8E4-5418BFD17DAB}"
EndProject
Global
	GlobalSection(SolutionConfigurationPlatforms) = preSolution
		Debug|Any CPU = Debug|Any CPU
		Release|Any CPU = Release|Any CPU
	EndGlobalSection
	GlobalSection(ProjectConfigurationPlatforms) = postSolution
		{C9B1E468-8234-48BD-9AA1-24AE51B251A7}.Debug|Any CPU.ActiveCfg = Debug|Any CPU
		{C9B1E468-8234-48BD-9AA1-24AE51B251A7}.Debug|Any CPU.Build.0 = Debug|Any CPU
		{C9B1E468-8234-48BD-9AA1-24AE51B251A7}.Release|Any CPU.ActiveCfg = Release|Any CPU
		{C9B1E468-8234-48BD-9AA1-24AE51B251A7}.Release|Any CPU.Build.0 = Release|Any CPU
		{25CDBF88-535C-420A-BC30-DDCE4C083FE1}.Debug|Any CPU.ActiveCfg = Debug|Any CPU
		{25CDBF88-535C-420A-BC30-DDCE4C083FE1}.Debug|Any CPU.Build.0 = Debug|Any CPU
		{25CDBF88-535C-420A-BC30-DDCE4C083FE1}.Release|Any CPU.ActiveCfg = Release|Any CPU
		{25CDBF88-535C-420A-BC30-DDCE4C083FE1}.Release|Any CPU.Build.0 = Release|Any CPU
		{D813EF41-D17C-4911-95B0-D3701214B430}.Debug|Any CPU.ActiveCfg = Debug|Any CPU
		{D813EF41-D17C-4911-95B0-D3701214B430}.Debug|Any CPU.Build.0 = Debug|Any CPU
		{D813EF41-D17C-4911-95B0-D3701214B430}.Release|Any CPU.ActiveCfg = Release|Any CPU
		{D813EF41-D17C-4911-95B0-D3701214B430}.Release|Any CPU.Build.0 = Release|Any CPU
		{55DCB644-4818-41A8-8612-CA8881FC9676}.Debug|Any CPU.ActiveCfg = Debug|Any CPU
		{55DCB644-4818-41A8-8612-CA8881FC9676}.Debug|Any CPU.Build.0 = Debug|Any CPU
		{55DCB644-4818-41A8-8612-CA8881FC9676}.Release|Any CPU.ActiveCfg = Release|Any CPU
		{55DCB644-4818-41A8-8612-CA8881FC9676}.Release|Any CPU.Build.0 = Release|Any CPU
		{541C40BC-BE40-40BA-9D09-684D710AA89C}.Debug|Any CPU.ActiveCfg = Debug|Any CPU
		{541C40BC-BE40-40BA-9D09-684D710AA89C}.Debug|Any CPU.Build.0 = Debug|Any CPU
		{541C40BC-BE40-40BA-9D09-684D710AA89C}.Release|Any CPU.ActiveCfg = Release|Any CPU
		{541C40BC-BE40-40BA-9D09-684D710AA89C}.Release|Any CPU.Build.0 = Release|Any CPU
		{D3289862-29ED-494B-9D04-1311A4B29B33}.Debug|Any CPU.ActiveCfg = Debug|Any CPU
		{D3289862-29ED-494B-9D04-1311A4B29B33}.Debug|Any CPU.Build.0 = Debug|Any CPU
		{D3289862-29ED-494B-9D04-1311A4B29B33}.Release|Any CPU.ActiveCfg = Release|Any CPU
		{D3289862-29ED-494B-9D04-1311A4B29B33}.Release|Any CPU.Build.0 = Release|Any CPU
		{A9B561AE-08C4-45C5-B300-24D204BE56C8}.Debug|Any CPU.ActiveCfg = Debug|Any CPU
		{A9B561AE-08C4-45C5-B300-24D204BE56C8}.Debug|Any CPU.Build.0 = Debug|Any CPU
		{A9B561AE-08C4-45C5-B300-24D204BE56C8}.Release|Any CPU.ActiveCfg = Release|Any CPU
		{A9B561AE-08C4-45C5-B300-24D204BE56C8}.Release|Any CPU.Build.0 = Release|Any CPU
		{CFFD44D9-D04C-435C-A3E6-963E6A51D975}.Debug|Any CPU.ActiveCfg = Debug|Any CPU
		{CFFD44D9-D04C-435C-A3E6-963E6A51D975}.Debug|Any CPU.Build.0 = Debug|Any CPU
		{CFFD44D9-D04C-435C-A3E6-963E6A51D975}.Release|Any CPU.ActiveCfg = Release|Any CPU
		{CFFD44D9-D04C-435C-A3E6-963E6A51D975}.Release|Any CPU.Build.0 = Release|Any CPU
		{2F4A0D62-AC28-4974-AF1A-AD2DB2631700}.Debug|Any CPU.ActiveCfg = Debug|Any CPU
		{2F4A0D62-AC28-4974-AF1A-AD2DB2631700}.Debug|Any CPU.Build.0 = Debug|Any CPU
		{2F4A0D62-AC28-4974-AF1A-AD2DB2631700}.Release|Any CPU.ActiveCfg = Release|Any CPU
		{2F4A0D62-AC28-4974-AF1A-AD2DB2631700}.Release|Any CPU.Build.0 = Release|Any CPU
		{121DE8C4-86BD-4A6E-B53D-28EF68224A7E}.Debug|Any CPU.ActiveCfg = Debug|Any CPU
		{121DE8C4-86BD-4A6E-B53D-28EF68224A7E}.Debug|Any CPU.Build.0 = Debug|Any CPU
		{121DE8C4-86BD-4A6E-B53D-28EF68224A7E}.Release|Any CPU.ActiveCfg = Release|Any CPU
		{121DE8C4-86BD-4A6E-B53D-28EF68224A7E}.Release|Any CPU.Build.0 = Release|Any CPU
		{F38B0CED-9273-4E00-8C8D-73FEB58796F4}.Debug|Any CPU.ActiveCfg = Debug|Any CPU
		{F38B0CED-9273-4E00-8C8D-73FEB58796F4}.Debug|Any CPU.Build.0 = Debug|Any CPU
		{F38B0CED-9273-4E00-8C8D-73FEB58796F4}.Release|Any CPU.ActiveCfg = Release|Any CPU
		{F38B0CED-9273-4E00-8C8D-73FEB58796F4}.Release|Any CPU.Build.0 = Release|Any CPU
		{EE8FC27B-A23B-4431-9A2E-D13FDF33AA84}.Debug|Any CPU.ActiveCfg = Debug|Any CPU
		{EE8FC27B-A23B-4431-9A2E-D13FDF33AA84}.Debug|Any CPU.Build.0 = Debug|Any CPU
		{EE8FC27B-A23B-4431-9A2E-D13FDF33AA84}.Release|Any CPU.ActiveCfg = Release|Any CPU
		{EE8FC27B-A23B-4431-9A2E-D13FDF33AA84}.Release|Any CPU.Build.0 = Release|Any CPU
		{B028E333-1DB8-43E8-87AE-A8A1FB097659}.Debug|Any CPU.ActiveCfg = Debug|Any CPU
		{B028E333-1DB8-43E8-87AE-A8A1FB097659}.Debug|Any CPU.Build.0 = Debug|Any CPU
		{B028E333-1DB8-43E8-87AE-A8A1FB097659}.Release|Any CPU.ActiveCfg = Release|Any CPU
		{B028E333-1DB8-43E8-87AE-A8A1FB097659}.Release|Any CPU.Build.0 = Release|Any CPU
		{11E5B2DA-7F00-4A41-8D0E-E4526E0D3A6F}.Debug|Any CPU.ActiveCfg = Debug|Any CPU
		{11E5B2DA-7F00-4A41-8D0E-E4526E0D3A6F}.Debug|Any CPU.Build.0 = Debug|Any CPU
		{11E5B2DA-7F00-4A41-8D0E-E4526E0D3A6F}.Release|Any CPU.ActiveCfg = Release|Any CPU
		{11E5B2DA-7F00-4A41-8D0E-E4526E0D3A6F}.Release|Any CPU.Build.0 = Release|Any CPU
		{C7DA7123-17B0-490A-AF7B-DF5AEDA0A79C}.Debug|Any CPU.ActiveCfg = Debug|Any CPU
		{C7DA7123-17B0-490A-AF7B-DF5AEDA0A79C}.Debug|Any CPU.Build.0 = Debug|Any CPU
		{C7DA7123-17B0-490A-AF7B-DF5AEDA0A79C}.Release|Any CPU.ActiveCfg = Release|Any CPU
		{C7DA7123-17B0-490A-AF7B-DF5AEDA0A79C}.Release|Any CPU.Build.0 = Release|Any CPU
		{C9C77DE7-598D-4B42-BAA6-3819EA83C61F}.Debug|Any CPU.ActiveCfg = Debug|Any CPU
		{C9C77DE7-598D-4B42-BAA6-3819EA83C61F}.Debug|Any CPU.Build.0 = Debug|Any CPU
		{C9C77DE7-598D-4B42-BAA6-3819EA83C61F}.Release|Any CPU.ActiveCfg = Release|Any CPU
		{C9C77DE7-598D-4B42-BAA6-3819EA83C61F}.Release|Any CPU.Build.0 = Release|Any CPU
		{55BA5441-98A4-4B2A-AB9D-A2B8A1CCEA5C}.Debug|Any CPU.ActiveCfg = Debug|Any CPU
		{55BA5441-98A4-4B2A-AB9D-A2B8A1CCEA5C}.Debug|Any CPU.Build.0 = Debug|Any CPU
		{55BA5441-98A4-4B2A-AB9D-A2B8A1CCEA5C}.Release|Any CPU.ActiveCfg = Release|Any CPU
		{55BA5441-98A4-4B2A-AB9D-A2B8A1CCEA5C}.Release|Any CPU.Build.0 = Release|Any CPU
		{2122FCC3-FB51-4403-B8E4-5418BFD17DAB}.Debug|Any CPU.ActiveCfg = Debug|Any CPU
		{2122FCC3-FB51-4403-B8E4-5418BFD17DAB}.Debug|Any CPU.Build.0 = Debug|Any CPU
		{2122FCC3-FB51-4403-B8E4-5418BFD17DAB}.Release|Any CPU.ActiveCfg = Release|Any CPU
		{2122FCC3-FB51-4403-B8E4-5418BFD17DAB}.Release|Any CPU.Build.0 = Release|Any CPU
	EndGlobalSection
	GlobalSection(SolutionProperties) = preSolution
		HideSolutionNode = FALSE
	EndGlobalSection
	GlobalSection(NestedProjects) = preSolution
		{C9B1E468-8234-48BD-9AA1-24AE51B251A7} = {AE86C5D2-1827-4899-BE5B-D2C532A48515}
		{25CDBF88-535C-420A-BC30-DDCE4C083FE1} = {AE86C5D2-1827-4899-BE5B-D2C532A48515}
		{D813EF41-D17C-4911-95B0-D3701214B430} = {AE86C5D2-1827-4899-BE5B-D2C532A48515}
		{55DCB644-4818-41A8-8612-CA8881FC9676} = {435BEAAF-5F27-4976-8195-050537C15694}
		{541C40BC-BE40-40BA-9D09-684D710AA89C} = {435BEAAF-5F27-4976-8195-050537C15694}
		{D3289862-29ED-494B-9D04-1311A4B29B33} = {435BEAAF-5F27-4976-8195-050537C15694}
		{A9B561AE-08C4-45C5-B300-24D204BE56C8} = {FE06F34F-E226-4761-86E5-745B4B57AD75}
		{CFFD44D9-D04C-435C-A3E6-963E6A51D975} = {FE06F34F-E226-4761-86E5-745B4B57AD75}
		{2F4A0D62-AC28-4974-AF1A-AD2DB2631700} = {FE06F34F-E226-4761-86E5-745B4B57AD75}
		{121DE8C4-86BD-4A6E-B53D-28EF68224A7E} = {CB804ED4-8256-4338-A202-3F2FD0671E5F}
		{F38B0CED-9273-4E00-8C8D-73FEB58796F4} = {CB804ED4-8256-4338-A202-3F2FD0671E5F}
		{EE8FC27B-A23B-4431-9A2E-D13FDF33AA84} = {CB804ED4-8256-4338-A202-3F2FD0671E5F}
		{B028E333-1DB8-43E8-87AE-A8A1FB097659} = {9D224C80-4EAA-4AB6-886A-F6AAA475B598}
		{11E5B2DA-7F00-4A41-8D0E-E4526E0D3A6F} = {9D224C80-4EAA-4AB6-886A-F6AAA475B598}
		{C7DA7123-17B0-490A-AF7B-DF5AEDA0A79C} = {9D224C80-4EAA-4AB6-886A-F6AAA475B598}
		{C9C77DE7-598D-4B42-BAA6-3819EA83C61F} = {BB94EFE5-BA0E-49B3-BB02-F42EDCAB5644}
		{55BA5441-98A4-4B2A-AB9D-A2B8A1CCEA5C} = {BB94EFE5-BA0E-49B3-BB02-F42EDCAB5644}
		{2122FCC3-FB51-4403-B8E4-5418BFD17DAB} = {BB94EFE5-BA0E-49B3-BB02-F42EDCAB5644}
	EndGlobalSection
	GlobalSection(ExtensibilityGlobals) = postSolution
		SolutionGuid = {52E957F2-E40E-4CDE-8FAE-96C3DF9F0FFE}
	EndGlobalSection
EndGlobal
